
Microsoft Visual Studio Solution File, Format Version 12.00
# Visual Studio Version 17
VisualStudioVersion = 17.5.33516.290
MinimumVisualStudioVersion = 10.0.40219.1
Project("{FAE04EC0-301F-11D3-BF4B-00C04F79EFBC}") = "CadastroPalestra", "CadastroPalestra\CadastroPalestra.csproj", "{29DE8296-D62C-4FFE-B4C8-11A8B3988BDD}"
EndProject
Global
	GlobalSection(SolutionConfigurationPlatforms) = preSolution
		Debug|Any CPU = Debug|Any CPU
		Release|Any CPU = Release|Any CPU
	EndGlobalSection
	GlobalSection(ProjectConfigurationPlatforms) = postSolution
		{29DE8296-D62C-4FFE-B4C8-11A8B3988BDD}.Debug|Any CPU.ActiveCfg = Debug|Any CPU
		{29DE8296-D62C-4FFE-B4C8-11A8B3988BDD}.Debug|Any CPU.Build.0 = Debug|Any CPU
		{29DE8296-D62C-4FFE-B4C8-11A8B3988BDD}.Release|Any CPU.ActiveCfg = Release|Any CPU
		{29DE8296-D62C-4FFE-B4C8-11A8B3988BDD}.Release|Any CPU.Build.0 = Release|Any CPU
	EndGlobalSection
	GlobalSection(SolutionProperties) = preSolution
		HideSolutionNode = FALSE
	EndGlobalSection
	GlobalSection(ExtensibilityGlobals) = postSolution
		SolutionGuid = {B724ADB0-1041-4424-8BCF-3A07B5150B05}
	EndGlobalSection
EndGlobal
